
Microsoft Visual Studio Solution File, Format Version 12.00
# Visual Studio Version 17
VisualStudioVersion = 17.7.34031.279
MinimumVisualStudioVersion = 10.0.40219.1
Project("{FAE04EC0-301F-11D3-BF4B-00C04F79EFBC}") = "DoTheNhuan_381", "DoTheNhuan_381\DoTheNhuan_381.csproj", "{3418DC78-E715-428C-A58D-A5DD00DFFE34}"
EndProject
Global
	GlobalSection(SolutionConfigurationPlatforms) = preSolution
		Debug|Any CPU = Debug|Any CPU
		Release|Any CPU = Release|Any CPU
	EndGlobalSection
	GlobalSection(ProjectConfigurationPlatforms) = postSolution
		{3418DC78-E715-428C-A58D-A5DD00DFFE34}.Debug|Any CPU.ActiveCfg = Debug|Any CPU
		{3418DC78-E715-428C-A58D-A5DD00DFFE34}.Debug|Any CPU.Build.0 = Debug|Any CPU
		{3418DC78-E715-428C-A58D-A5DD00DFFE34}.Release|Any CPU.ActiveCfg = Release|Any CPU
		{3418DC78-E715-428C-A58D-A5DD00DFFE34}.Release|Any CPU.Build.0 = Release|Any CPU
	EndGlobalSection
	GlobalSection(SolutionProperties) = preSolution
		HideSolutionNode = FALSE
	EndGlobalSection
	GlobalSection(ExtensibilityGlobals) = postSolution
		SolutionGuid = {6E200D52-0512-463B-B79F-19EC8994AA57}
	EndGlobalSection
EndGlobal
