
Microsoft Visual Studio Solution File, Format Version 12.00
# Visual Studio Version 17
VisualStudioVersion = 17.7.34031.279
MinimumVisualStudioVersion = 10.0.40219.1
Project("{9A19103F-16F7-4668-BE54-9A1E7A4F7556}") = "Bai9.1", "Bai9.1\Bai9.1.csproj", "{73522B87-3629-4B61-A7D3-77724EAB9955}"
EndProject
Project("{9A19103F-16F7-4668-BE54-9A1E7A4F7556}") = "Bai9.2", "Bai9.2\Bai9.2.csproj", "{6D73BEAA-59DB-4DDE-9B81-352CE1E77608}"
EndProject
Project("{9A19103F-16F7-4668-BE54-9A1E7A4F7556}") = "Bai9.3", "Bai9.3\Bai9.3.csproj", "{29457ECA-CFC8-491E-B16A-1A2490ED942A}"
EndProject
Project("{9A19103F-16F7-4668-BE54-9A1E7A4F7556}") = "Bai9.4", "Bai9.4\Bai9.4.csproj", "{E8084337-7A4B-42F3-BD0D-8F0A35D8C556}"
EndProject
Project("{FAE04EC0-301F-11D3-BF4B-00C04F79EFBC}") = "Bai9.5", "Bai9.5\Bai9.5.csproj", "{79D6D18D-DB3B-4473-9ED1-772BFD2B91E8}"
EndProject
Global
	GlobalSection(SolutionConfigurationPlatforms) = preSolution
		Debug|Any CPU = Debug|Any CPU
		Release|Any CPU = Release|Any CPU
	EndGlobalSection
	GlobalSection(ProjectConfigurationPlatforms) = postSolution
		{73522B87-3629-4B61-A7D3-77724EAB9955}.Debug|Any CPU.ActiveCfg = Debug|Any CPU
		{73522B87-3629-4B61-A7D3-77724EAB9955}.Debug|Any CPU.Build.0 = Debug|Any CPU
		{73522B87-3629-4B61-A7D3-77724EAB9955}.Release|Any CPU.ActiveCfg = Release|Any CPU
		{73522B87-3629-4B61-A7D3-77724EAB9955}.Release|Any CPU.Build.0 = Release|Any CPU
		{6D73BEAA-59DB-4DDE-9B81-352CE1E77608}.Debug|Any CPU.ActiveCfg = Debug|Any CPU
		{6D73BEAA-59DB-4DDE-9B81-352CE1E77608}.Debug|Any CPU.Build.0 = Debug|Any CPU
		{6D73BEAA-59DB-4DDE-9B81-352CE1E77608}.Release|Any CPU.ActiveCfg = Release|Any CPU
		{6D73BEAA-59DB-4DDE-9B81-352CE1E77608}.Release|Any CPU.Build.0 = Release|Any CPU
		{29457ECA-CFC8-491E-B16A-1A2490ED942A}.Debug|Any CPU.ActiveCfg = Debug|Any CPU
		{29457ECA-CFC8-491E-B16A-1A2490ED942A}.Debug|Any CPU.Build.0 = Debug|Any CPU
		{29457ECA-CFC8-491E-B16A-1A2490ED942A}.Release|Any CPU.ActiveCfg = Release|Any CPU
		{29457ECA-CFC8-491E-B16A-1A2490ED942A}.Release|Any CPU.Build.0 = Release|Any CPU
		{E8084337-7A4B-42F3-BD0D-8F0A35D8C556}.Debug|Any CPU.ActiveCfg = Debug|Any CPU
		{E8084337-7A4B-42F3-BD0D-8F0A35D8C556}.Debug|Any CPU.Build.0 = Debug|Any CPU
		{E8084337-7A4B-42F3-BD0D-8F0A35D8C556}.Release|Any CPU.ActiveCfg = Release|Any CPU
		{E8084337-7A4B-42F3-BD0D-8F0A35D8C556}.Release|Any CPU.Build.0 = Release|Any CPU
		{79D6D18D-DB3B-4473-9ED1-772BFD2B91E8}.Debug|Any CPU.ActiveCfg = Debug|Any CPU
		{79D6D18D-DB3B-4473-9ED1-772BFD2B91E8}.Debug|Any CPU.Build.0 = Debug|Any CPU
		{79D6D18D-DB3B-4473-9ED1-772BFD2B91E8}.Release|Any CPU.ActiveCfg = Release|Any CPU
		{79D6D18D-DB3B-4473-9ED1-772BFD2B91E8}.Release|Any CPU.Build.0 = Release|Any CPU
	EndGlobalSection
	GlobalSection(SolutionProperties) = preSolution
		HideSolutionNode = FALSE
	EndGlobalSection
	GlobalSection(ExtensibilityGlobals) = postSolution
		SolutionGuid = {10DAA107-2195-40E5-95B8-B314E4BAE500}
	EndGlobalSection
EndGlobal
