
Microsoft Visual Studio Solution File, Format Version 12.00
# Visual Studio Version 17
VisualStudioVersion = 17.7.34202.233
MinimumVisualStudioVersion = 10.0.40219.1
Project("{FAE04EC0-301F-11D3-BF4B-00C04F79EFBC}") = "Nhuan_381", "Nhuan_381\Nhuan_381.csproj", "{95C26D5B-0D34-4CB1-8260-3D539195F759}"
EndProject
Global
	GlobalSection(SolutionConfigurationPlatforms) = preSolution
		Debug|Any CPU = Debug|Any CPU
		Release|Any CPU = Release|Any CPU
	EndGlobalSection
	GlobalSection(ProjectConfigurationPlatforms) = postSolution
		{95C26D5B-0D34-4CB1-8260-3D539195F759}.Debug|Any CPU.ActiveCfg = Debug|Any CPU
		{95C26D5B-0D34-4CB1-8260-3D539195F759}.Debug|Any CPU.Build.0 = Debug|Any CPU
		{95C26D5B-0D34-4CB1-8260-3D539195F759}.Release|Any CPU.ActiveCfg = Release|Any CPU
		{95C26D5B-0D34-4CB1-8260-3D539195F759}.Release|Any CPU.Build.0 = Release|Any CPU
	EndGlobalSection
	GlobalSection(SolutionProperties) = preSolution
		HideSolutionNode = FALSE
	EndGlobalSection
	GlobalSection(ExtensibilityGlobals) = postSolution
		SolutionGuid = {878BAF36-184F-4F3D-9D8B-CBFD2BD7412A}
	EndGlobalSection
EndGlobal
