
Microsoft Visual Studio Solution File, Format Version 12.00
# Visual Studio Version 17
VisualStudioVersion = 17.7.34031.279
MinimumVisualStudioVersion = 10.0.40219.1
Project("{FAE04EC0-301F-11D3-BF4B-00C04F79EFBC}") = "DoTheNhuan_381", "DoTheNhuan_381\DoTheNhuan_381.csproj", "{0BF7E5FA-4DCC-48D5-9611-9C347225852F}"
EndProject
Global
	GlobalSection(SolutionConfigurationPlatforms) = preSolution
		Debug|Any CPU = Debug|Any CPU
		Release|Any CPU = Release|Any CPU
	EndGlobalSection
	GlobalSection(ProjectConfigurationPlatforms) = postSolution
		{0BF7E5FA-4DCC-48D5-9611-9C347225852F}.Debug|Any CPU.ActiveCfg = Debug|Any CPU
		{0BF7E5FA-4DCC-48D5-9611-9C347225852F}.Debug|Any CPU.Build.0 = Debug|Any CPU
		{0BF7E5FA-4DCC-48D5-9611-9C347225852F}.Release|Any CPU.ActiveCfg = Release|Any CPU
		{0BF7E5FA-4DCC-48D5-9611-9C347225852F}.Release|Any CPU.Build.0 = Release|Any CPU
	EndGlobalSection
	GlobalSection(SolutionProperties) = preSolution
		HideSolutionNode = FALSE
	EndGlobalSection
	GlobalSection(ExtensibilityGlobals) = postSolution
		SolutionGuid = {C182F2A4-FE5F-4225-876F-154B737D76BF}
	EndGlobalSection
EndGlobal
