
Microsoft Visual Studio Solution File, Format Version 12.00
# Visual Studio Version 17
VisualStudioVersion = 17.7.34031.279
MinimumVisualStudioVersion = 10.0.40219.1
Project("{FAE04EC0-301F-11D3-BF4B-00C04F79EFBC}") = "De2_Nhuan_381", "De2_Nhuan_381\De2_Nhuan_381.csproj", "{C24844A9-0994-46B1-B32B-96722C2E5491}"
EndProject
Global
	GlobalSection(SolutionConfigurationPlatforms) = preSolution
		Debug|Any CPU = Debug|Any CPU
		Release|Any CPU = Release|Any CPU
	EndGlobalSection
	GlobalSection(ProjectConfigurationPlatforms) = postSolution
		{C24844A9-0994-46B1-B32B-96722C2E5491}.Debug|Any CPU.ActiveCfg = Debug|Any CPU
		{C24844A9-0994-46B1-B32B-96722C2E5491}.Debug|Any CPU.Build.0 = Debug|Any CPU
		{C24844A9-0994-46B1-B32B-96722C2E5491}.Release|Any CPU.ActiveCfg = Release|Any CPU
		{C24844A9-0994-46B1-B32B-96722C2E5491}.Release|Any CPU.Build.0 = Release|Any CPU
	EndGlobalSection
	GlobalSection(SolutionProperties) = preSolution
		HideSolutionNode = FALSE
	EndGlobalSection
	GlobalSection(ExtensibilityGlobals) = postSolution
		SolutionGuid = {18514B24-1E7C-405C-9AD3-9D90BEEC3A14}
	EndGlobalSection
EndGlobal
