
Microsoft Visual Studio Solution File, Format Version 12.00
# Visual Studio Version 17
VisualStudioVersion = 17.7.34031.279
MinimumVisualStudioVersion = 10.0.40219.1
Project("{FAE04EC0-301F-11D3-BF4B-00C04F79EFBC}") = "De2_Nhuan_381", "De2_Nhuan_381\De2_Nhuan_381.csproj", "{9C327453-95D9-47EA-8BCA-33C680E90A56}"
EndProject
Global
	GlobalSection(SolutionConfigurationPlatforms) = preSolution
		Debug|Any CPU = Debug|Any CPU
		Release|Any CPU = Release|Any CPU
	EndGlobalSection
	GlobalSection(ProjectConfigurationPlatforms) = postSolution
		{9C327453-95D9-47EA-8BCA-33C680E90A56}.Debug|Any CPU.ActiveCfg = Debug|Any CPU
		{9C327453-95D9-47EA-8BCA-33C680E90A56}.Debug|Any CPU.Build.0 = Debug|Any CPU
		{9C327453-95D9-47EA-8BCA-33C680E90A56}.Release|Any CPU.ActiveCfg = Release|Any CPU
		{9C327453-95D9-47EA-8BCA-33C680E90A56}.Release|Any CPU.Build.0 = Release|Any CPU
	EndGlobalSection
	GlobalSection(SolutionProperties) = preSolution
		HideSolutionNode = FALSE
	EndGlobalSection
	GlobalSection(ExtensibilityGlobals) = postSolution
		SolutionGuid = {54D5022E-E21E-4C1F-BD56-CB46D02E4F69}
	EndGlobalSection
EndGlobal
