
Microsoft Visual Studio Solution File, Format Version 12.00
# Visual Studio Version 17
VisualStudioVersion = 17.7.34031.279
MinimumVisualStudioVersion = 10.0.40219.1
Project("{FAE04EC0-301F-11D3-BF4B-00C04F79EFBC}") = "DoTheNhuan_2021600381_Bai51", "DoTheNhuan_2021600381_Bai51\DoTheNhuan_2021600381_Bai51.csproj", "{C426CA34-BA4D-4775-9F96-96553945DAFD}"
EndProject
Project("{FAE04EC0-301F-11D3-BF4B-00C04F79EFBC}") = "DoTheNhuan_2021600381_Bai52", "DoTheNhuan_2021600381_Bai52\DoTheNhuan_2021600381_Bai52.csproj", "{B0897D3D-F09C-47A2-849C-FD5DB34788FE}"
EndProject
Project("{FAE04EC0-301F-11D3-BF4B-00C04F79EFBC}") = "DoTheNhuan_2021600381_Bai53", "DoTheNhuan_2021600381_Bai53\DoTheNhuan_2021600381_Bai53.csproj", "{C355EC1B-9E55-4860-9A71-B71229408A78}"
EndProject
Global
	GlobalSection(SolutionConfigurationPlatforms) = preSolution
		Debug|Any CPU = Debug|Any CPU
		Release|Any CPU = Release|Any CPU
	EndGlobalSection
	GlobalSection(ProjectConfigurationPlatforms) = postSolution
		{C426CA34-BA4D-4775-9F96-96553945DAFD}.Debug|Any CPU.ActiveCfg = Debug|Any CPU
		{C426CA34-BA4D-4775-9F96-96553945DAFD}.Debug|Any CPU.Build.0 = Debug|Any CPU
		{C426CA34-BA4D-4775-9F96-96553945DAFD}.Release|Any CPU.ActiveCfg = Release|Any CPU
		{C426CA34-BA4D-4775-9F96-96553945DAFD}.Release|Any CPU.Build.0 = Release|Any CPU
		{B0897D3D-F09C-47A2-849C-FD5DB34788FE}.Debug|Any CPU.ActiveCfg = Debug|Any CPU
		{B0897D3D-F09C-47A2-849C-FD5DB34788FE}.Debug|Any CPU.Build.0 = Debug|Any CPU
		{B0897D3D-F09C-47A2-849C-FD5DB34788FE}.Release|Any CPU.ActiveCfg = Release|Any CPU
		{B0897D3D-F09C-47A2-849C-FD5DB34788FE}.Release|Any CPU.Build.0 = Release|Any CPU
		{C355EC1B-9E55-4860-9A71-B71229408A78}.Debug|Any CPU.ActiveCfg = Debug|Any CPU
		{C355EC1B-9E55-4860-9A71-B71229408A78}.Debug|Any CPU.Build.0 = Debug|Any CPU
		{C355EC1B-9E55-4860-9A71-B71229408A78}.Release|Any CPU.ActiveCfg = Release|Any CPU
		{C355EC1B-9E55-4860-9A71-B71229408A78}.Release|Any CPU.Build.0 = Release|Any CPU
	EndGlobalSection
	GlobalSection(SolutionProperties) = preSolution
		HideSolutionNode = FALSE
	EndGlobalSection
	GlobalSection(ExtensibilityGlobals) = postSolution
		SolutionGuid = {27C3028E-2231-4818-9470-56F94213E8DB}
	EndGlobalSection
EndGlobal
