
Microsoft Visual Studio Solution File, Format Version 12.00
# Visual Studio Version 17
VisualStudioVersion = 17.7.34031.279
MinimumVisualStudioVersion = 10.0.40219.1
Project("{FAE04EC0-301F-11D3-BF4B-00C04F79EFBC}") = "TH", "TH\TH.csproj", "{BE0760FC-3CD6-47EC-9F5A-B8C1BA14562F}"
EndProject
Global
	GlobalSection(SolutionConfigurationPlatforms) = preSolution
		Debug|Any CPU = Debug|Any CPU
		Release|Any CPU = Release|Any CPU
	EndGlobalSection
	GlobalSection(ProjectConfigurationPlatforms) = postSolution
		{BE0760FC-3CD6-47EC-9F5A-B8C1BA14562F}.Debug|Any CPU.ActiveCfg = Debug|Any CPU
		{BE0760FC-3CD6-47EC-9F5A-B8C1BA14562F}.Debug|Any CPU.Build.0 = Debug|Any CPU
		{BE0760FC-3CD6-47EC-9F5A-B8C1BA14562F}.Release|Any CPU.ActiveCfg = Release|Any CPU
		{BE0760FC-3CD6-47EC-9F5A-B8C1BA14562F}.Release|Any CPU.Build.0 = Release|Any CPU
	EndGlobalSection
	GlobalSection(SolutionProperties) = preSolution
		HideSolutionNode = FALSE
	EndGlobalSection
	GlobalSection(ExtensibilityGlobals) = postSolution
		SolutionGuid = {46D19242-C962-4AD7-8FDE-146E540AEA80}
	EndGlobalSection
EndGlobal
