
Microsoft Visual Studio Solution File, Format Version 12.00
# Visual Studio Version 17
VisualStudioVersion = 17.7.34031.279
MinimumVisualStudioVersion = 10.0.40219.1
Project("{FAE04EC0-301F-11D3-BF4B-00C04F79EFBC}") = "TapTin", "TapTin\TapTin.csproj", "{73044890-983F-4AF2-B4CB-4B50DFCD1581}"
EndProject
Project("{FAE04EC0-301F-11D3-BF4B-00C04F79EFBC}") = "CauTruc", "CauTruc\CauTruc.csproj", "{DFC6D3DF-1DC6-4787-BB35-8F73C04C17EF}"
EndProject
Global
	GlobalSection(SolutionConfigurationPlatforms) = preSolution
		Debug|Any CPU = Debug|Any CPU
		Release|Any CPU = Release|Any CPU
	EndGlobalSection
	GlobalSection(ProjectConfigurationPlatforms) = postSolution
		{73044890-983F-4AF2-B4CB-4B50DFCD1581}.Debug|Any CPU.ActiveCfg = Debug|Any CPU
		{73044890-983F-4AF2-B4CB-4B50DFCD1581}.Debug|Any CPU.Build.0 = Debug|Any CPU
		{73044890-983F-4AF2-B4CB-4B50DFCD1581}.Release|Any CPU.ActiveCfg = Release|Any CPU
		{73044890-983F-4AF2-B4CB-4B50DFCD1581}.Release|Any CPU.Build.0 = Release|Any CPU
		{DFC6D3DF-1DC6-4787-BB35-8F73C04C17EF}.Debug|Any CPU.ActiveCfg = Debug|Any CPU
		{DFC6D3DF-1DC6-4787-BB35-8F73C04C17EF}.Debug|Any CPU.Build.0 = Debug|Any CPU
		{DFC6D3DF-1DC6-4787-BB35-8F73C04C17EF}.Release|Any CPU.ActiveCfg = Release|Any CPU
		{DFC6D3DF-1DC6-4787-BB35-8F73C04C17EF}.Release|Any CPU.Build.0 = Release|Any CPU
	EndGlobalSection
	GlobalSection(SolutionProperties) = preSolution
		HideSolutionNode = FALSE
	EndGlobalSection
	GlobalSection(ExtensibilityGlobals) = postSolution
		SolutionGuid = {6D2579F6-9FCE-4ADD-BC77-7351D3AC5F65}
	EndGlobalSection
EndGlobal
